
Microsoft Visual Studio Solution File, Format Version 12.00
# Visual Studio Version 17
VisualStudioVersion = 17.9.34701.34
MinimumVisualStudioVersion = 10.0.40219.1
Project("{FAE04EC0-301F-11D3-BF4B-00C04F79EFBC}") = "WPF_Practice2", "WPF_Practice2\WPF_Practice2.csproj", "{6A6136C9-A1E4-4D96-B9D0-47425C383DC2}"
EndProject
Global
	GlobalSection(SolutionConfigurationPlatforms) = preSolution
		Debug|Any CPU = Debug|Any CPU
		Release|Any CPU = Release|Any CPU
	EndGlobalSection
	GlobalSection(ProjectConfigurationPlatforms) = postSolution
		{6A6136C9-A1E4-4D96-B9D0-47425C383DC2}.Debug|Any CPU.ActiveCfg = Debug|Any CPU
		{6A6136C9-A1E4-4D96-B9D0-47425C383DC2}.Debug|Any CPU.Build.0 = Debug|Any CPU
		{6A6136C9-A1E4-4D96-B9D0-47425C383DC2}.Release|Any CPU.ActiveCfg = Release|Any CPU
		{6A6136C9-A1E4-4D96-B9D0-47425C383DC2}.Release|Any CPU.Build.0 = Release|Any CPU
	EndGlobalSection
	GlobalSection(SolutionProperties) = preSolution
		HideSolutionNode = FALSE
	EndGlobalSection
	GlobalSection(ExtensibilityGlobals) = postSolution
		SolutionGuid = {6A917CA0-F70B-4E03-93A5-BCF2386134B5}
	EndGlobalSection
EndGlobal
